// !$*UTF8*$!
{
	archiveVersion = 1;
	classes = {
	};
	objectVersion = 77;
	objects = {

/* Begin PBXContainerItemProxy section */
		B5DC6F762D4AE1A80022C33F /* PBXContainerItemProxy */ = {
			isa = PBXContainerItemProxy;
			containerPortal = B5DC6F582D4AE1A50022C33F /* Project object */;
			proxyType = 1;
			remoteGlobalIDString = B5DC6F5F2D4AE1A50022C33F;
			remoteInfo = DiNT;
		};
		B5DC6F802D4AE1A80022C33F /* PBXContainerItemProxy */ = {
			isa = PBXContainerItemProxy;
			containerPortal = B5DC6F582D4AE1A50022C33F /* Project object */;
			proxyType = 1;
			remoteGlobalIDString = B5DC6F5F2D4AE1A50022C33F;
			remoteInfo = DiNT;
		};
/* End PBXContainerItemProxy section */

/* Begin PBXFileReference section */
		B5DC6F602D4AE1A50022C33F /* DiNT.app */ = {isa = PBXFileReference; explicitFileType = wrapper.application; includeInIndex = 0; path = DiNT.app; sourceTree = BUILT_PRODUCTS_DIR; };
		B5DC6F752D4AE1A80022C33F /* DiNTTests.xctest */ = {isa = PBXFileReference; explicitFileType = wrapper.cfbundle; includeInIndex = 0; path = DiNTTests.xctest; sourceTree = BUILT_PRODUCTS_DIR; };
		B5DC6F7F2D4AE1A80022C33F /* DiNTUITests.xctest */ = {isa = PBXFileReference; explicitFileType = wrapper.cfbundle; includeInIndex = 0; path = DiNTUITests.xctest; sourceTree = BUILT_PRODUCTS_DIR; };
/* End PBXFileReference section */

/* Begin PBXFileSystemSynchronizedBuildFileExceptionSet section */
		B57430472D4B83C500FE337B /* Exceptions for "DiNTTests" folder in "DiNT" target */ = {
			isa = PBXFileSystemSynchronizedBuildFileExceptionSet;
			membershipExceptions = (
				Mocks/MockApiService.swift,
				Mocks/MockTestApi.swift,
				Mocks/MockTestResultData.swift,
				Mocks/MockTestResultStore.swift,
				Mocks/MockUserDefaults.swift,
			);
			target = B5DC6F5F2D4AE1A50022C33F /* DiNT */;
		};
		B57430572D4B8A8700FE337B /* Exceptions for "DiNT" folder in "DiNTTests" target */ = {
			isa = PBXFileSystemSynchronizedBuildFileExceptionSet;
			membershipExceptions = (
				Features/Home/ViewModel/HomeViewModel.swift,
				Features/Result/ViewModel/ResultViewModel.swift,
				Features/Test/API/TestAPI.swift,
				Features/Test/Model/TestResultModel.swift,
				Features/Test/ViewModel/TestViewModel.swift,
				"Services/API Service/ApiService.swift",
				Stores/TestResultStore.swift,
			);
			target = B5DC6F742D4AE1A80022C33F /* DiNTTests */;
		};
/* End PBXFileSystemSynchronizedBuildFileExceptionSet section */

/* Begin PBXFileSystemSynchronizedRootGroup section */
		B5DC6F622D4AE1A50022C33F /* DiNT */ = {
			isa = PBXFileSystemSynchronizedRootGroup;
			exceptions = (
				B57430572D4B8A8700FE337B /* Exceptions for "DiNT" folder in "DiNTTests" target */,
			);
			path = DiNT;
			sourceTree = "<group>";
		};
		B5DC6F782D4AE1A80022C33F /* DiNTTests */ = {
			isa = PBXFileSystemSynchronizedRootGroup;
			exceptions = (
				B57430472D4B83C500FE337B /* Exceptions for "DiNTTests" folder in "DiNT" target */,
			);
			path = DiNTTests;
			sourceTree = "<group>";
		};
		B5DC6F822D4AE1A80022C33F /* DiNTUITests */ = {
			isa = PBXFileSystemSynchronizedRootGroup;
			path = DiNTUITests;
			sourceTree = "<group>";
		};
/* End PBXFileSystemSynchronizedRootGroup section */

/* Begin PBXFrameworksBuildPhase section */
		B5DC6F5D2D4AE1A50022C33F /* Frameworks */ = {
			isa = PBXFrameworksBuildPhase;
			buildActionMask = 2147483647;
			files = (
			);
			runOnlyForDeploymentPostprocessing = 0;
		};
		B5DC6F722D4AE1A80022C33F /* Frameworks */ = {
			isa = PBXFrameworksBuildPhase;
			buildActionMask = 2147483647;
			files = (
			);
			runOnlyForDeploymentPostprocessing = 0;
		};
		B5DC6F7C2D4AE1A80022C33F /* Frameworks */ = {
			isa = PBXFrameworksBuildPhase;
			buildActionMask = 2147483647;
			files = (
			);
			runOnlyForDeploymentPostprocessing = 0;
		};
/* End PBXFrameworksBuildPhase section */

/* Begin PBXGroup section */
		B5DC6F572D4AE1A50022C33F = {
			isa = PBXGroup;
			children = (
				B5DC6F622D4AE1A50022C33F /* DiNT */,
				B5DC6F782D4AE1A80022C33F /* DiNTTests */,
				B5DC6F822D4AE1A80022C33F /* DiNTUITests */,
				B5DC6F612D4AE1A50022C33F /* Products */,
			);
			sourceTree = "<group>";
		};
		B5DC6F612D4AE1A50022C33F /* Products */ = {
			isa = PBXGroup;
			children = (
				B5DC6F602D4AE1A50022C33F /* DiNT.app */,
				B5DC6F752D4AE1A80022C33F /* DiNTTests.xctest */,
				B5DC6F7F2D4AE1A80022C33F /* DiNTUITests.xctest */,
			);
			name = Products;
			sourceTree = "<group>";
		};
/* End PBXGroup section */

/* Begin PBXNativeTarget section */
		B5DC6F5F2D4AE1A50022C33F /* DiNT */ = {
			isa = PBXNativeTarget;
			buildConfigurationList = B5DC6F892D4AE1A90022C33F /* Build configuration list for PBXNativeTarget "DiNT" */;
			buildPhases = (
				B5DC6F5C2D4AE1A50022C33F /* Sources */,
				B5DC6F5D2D4AE1A50022C33F /* Frameworks */,
				B5DC6F5E2D4AE1A50022C33F /* Resources */,
			);
			buildRules = (
			);
			dependencies = (
			);
			fileSystemSynchronizedGroups = (
				B5DC6F622D4AE1A50022C33F /* DiNT */,
			);
			name = DiNT;
			packageProductDependencies = (
			);
			productName = DiNT;
			productReference = B5DC6F602D4AE1A50022C33F /* DiNT.app */;
			productType = "com.apple.product-type.application";
		};
		B5DC6F742D4AE1A80022C33F /* DiNTTests */ = {
			isa = PBXNativeTarget;
			buildConfigurationList = B5DC6F8C2D4AE1A90022C33F /* Build configuration list for PBXNativeTarget "DiNTTests" */;
			buildPhases = (
				B5DC6F712D4AE1A80022C33F /* Sources */,
				B5DC6F722D4AE1A80022C33F /* Frameworks */,
				B5DC6F732D4AE1A80022C33F /* Resources */,
			);
			buildRules = (
			);
			dependencies = (
				B5DC6F772D4AE1A80022C33F /* PBXTargetDependency */,
			);
			fileSystemSynchronizedGroups = (
				B5DC6F782D4AE1A80022C33F /* DiNTTests */,
			);
			name = DiNTTests;
			packageProductDependencies = (
			);
			productName = DiNTTests;
			productReference = B5DC6F752D4AE1A80022C33F /* DiNTTests.xctest */;
			productType = "com.apple.product-type.bundle.unit-test";
		};
		B5DC6F7E2D4AE1A80022C33F /* DiNTUITests */ = {
			isa = PBXNativeTarget;
			buildConfigurationList = B5DC6F8F2D4AE1A90022C33F /* Build configuration list for PBXNativeTarget "DiNTUITests" */;
			buildPhases = (
				B5DC6F7B2D4AE1A80022C33F /* Sources */,
				B5DC6F7C2D4AE1A80022C33F /* Frameworks */,
				B5DC6F7D2D4AE1A80022C33F /* Resources */,
			);
			buildRules = (
			);
			dependencies = (
				B5DC6F812D4AE1A80022C33F /* PBXTargetDependency */,
			);
			fileSystemSynchronizedGroups = (
				B5DC6F822D4AE1A80022C33F /* DiNTUITests */,
			);
			name = DiNTUITests;
			packageProductDependencies = (
			);
			productName = DiNTUITests;
			productReference = B5DC6F7F2D4AE1A80022C33F /* DiNTUITests.xctest */;
			productType = "com.apple.product-type.bundle.ui-testing";
		};
/* End PBXNativeTarget section */

/* Begin PBXProject section */
		B5DC6F582D4AE1A50022C33F /* Project object */ = {
			isa = PBXProject;
			attributes = {
				BuildIndependentTargetsInParallel = 1;
				LastSwiftUpdateCheck = 1600;
				LastUpgradeCheck = 1600;
				TargetAttributes = {
					B5DC6F5F2D4AE1A50022C33F = {
						CreatedOnToolsVersion = 16.0;
					};
					B5DC6F742D4AE1A80022C33F = {
						CreatedOnToolsVersion = 16.0;
						TestTargetID = B5DC6F5F2D4AE1A50022C33F;
					};
					B5DC6F7E2D4AE1A80022C33F = {
						CreatedOnToolsVersion = 16.0;
						TestTargetID = B5DC6F5F2D4AE1A50022C33F;
					};
				};
			};
			buildConfigurationList = B5DC6F5B2D4AE1A50022C33F /* Build configuration list for PBXProject "DiNT" */;
			developmentRegion = en;
			hasScannedForEncodings = 0;
			knownRegions = (
				en,
				Base,
			);
			mainGroup = B5DC6F572D4AE1A50022C33F;
			minimizedProjectReferenceProxies = 1;
			preferredProjectObjectVersion = 77;
			productRefGroup = B5DC6F612D4AE1A50022C33F /* Products */;
			projectDirPath = "";
			projectRoot = "";
			targets = (
				B5DC6F5F2D4AE1A50022C33F /* DiNT */,
				B5DC6F742D4AE1A80022C33F /* DiNTTests */,
				B5DC6F7E2D4AE1A80022C33F /* DiNTUITests */,
			);
		};
/* End PBXProject section */

/* Begin PBXResourcesBuildPhase section */
		B5DC6F5E2D4AE1A50022C33F /* Resources */ = {
			isa = PBXResourcesBuildPhase;
			buildActionMask = 2147483647;
			files = (
			);
			runOnlyForDeploymentPostprocessing = 0;
		};
		B5DC6F732D4AE1A80022C33F /* Resources */ = {
			isa = PBXResourcesBuildPhase;
			buildActionMask = 2147483647;
			files = (
			);
			runOnlyForDeploymentPostprocessing = 0;
		};
		B5DC6F7D2D4AE1A80022C33F /* Resources */ = {
			isa = PBXResourcesBuildPhase;
			buildActionMask = 2147483647;
			files = (
			);
			runOnlyForDeploymentPostprocessing = 0;
		};
/* End PBXResourcesBuildPhase section */

/* Begin PBXSourcesBuildPhase section */
		B5DC6F5C2D4AE1A50022C33F /* Sources */ = {
			isa = PBXSourcesBuildPhase;
			buildActionMask = 2147483647;
			files = (
			);
			runOnlyForDeploymentPostprocessing = 0;
		};
		B5DC6F712D4AE1A80022C33F /* Sources */ = {
			isa = PBXSourcesBuildPhase;
			buildActionMask = 2147483647;
			files = (
			);
			runOnlyForDeploymentPostprocessing = 0;
		};
		B5DC6F7B2D4AE1A80022C33F /* Sources */ = {
			isa = PBXSourcesBuildPhase;
			buildActionMask = 2147483647;
			files = (
			);
			runOnlyForDeploymentPostprocessing = 0;
		};
/* End PBXSourcesBuildPhase section */

/* Begin PBXTargetDependency section */
		B5DC6F772D4AE1A80022C33F /* PBXTargetDependency */ = {
			isa = PBXTargetDependency;
			target = B5DC6F5F2D4AE1A50022C33F /* DiNT */;
			targetProxy = B5DC6F762D4AE1A80022C33F /* PBXContainerItemProxy */;
		};
		B5DC6F812D4AE1A80022C33F /* PBXTargetDependency */ = {
			isa = PBXTargetDependency;
			target = B5DC6F5F2D4AE1A50022C33F /* DiNT */;
			targetProxy = B5DC6F802D4AE1A80022C33F /* PBXContainerItemProxy */;
		};
/* End PBXTargetDependency section */

/* Begin XCBuildConfiguration section */
		B5DC6F872D4AE1A90022C33F /* Debug */ = {
			isa = XCBuildConfiguration;
			buildSettings = {
				ALWAYS_SEARCH_USER_PATHS = NO;
				ASSETCATALOG_COMPILER_GENERATE_SWIFT_ASSET_SYMBOL_EXTENSIONS = YES;
				CLANG_ANALYZER_NONNULL = YES;
				CLANG_ANALYZER_NUMBER_OBJECT_CONVERSION = YES_AGGRESSIVE;
				CLANG_CXX_LANGUAGE_STANDARD = "gnu++20";
				CLANG_ENABLE_MODULES = YES;
				CLANG_ENABLE_OBJC_ARC = YES;
				CLANG_ENABLE_OBJC_WEAK = YES;
				CLANG_WARN_BLOCK_CAPTURE_AUTORELEASING = YES;
				CLANG_WARN_BOOL_CONVERSION = YES;
				CLANG_WARN_COMMA = YES;
				CLANG_WARN_CONSTANT_CONVERSION = YES;
				CLANG_WARN_DEPRECATED_OBJC_IMPLEMENTATIONS = YES;
				CLANG_WARN_DIRECT_OBJC_ISA_USAGE = YES_ERROR;
				CLANG_WARN_DOCUMENTATION_COMMENTS = YES;
				CLANG_WARN_EMPTY_BODY = YES;
				CLANG_WARN_ENUM_CONVERSION = YES;
				CLANG_WARN_INFINITE_RECURSION = YES;
				CLANG_WARN_INT_CONVERSION = YES;
				CLANG_WARN_NON_LITERAL_NULL_CONVERSION = YES;
				CLANG_WARN_OBJC_IMPLICIT_RETAIN_SELF = YES;
				CLANG_WARN_OBJC_LITERAL_CONVERSION = YES;
				CLANG_WARN_OBJC_ROOT_CLASS = YES_ERROR;
				CLANG_WARN_QUOTED_INCLUDE_IN_FRAMEWORK_HEADER = YES;
				CLANG_WARN_RANGE_LOOP_ANALYSIS = YES;
				CLANG_WARN_STRICT_PROTOTYPES = YES;
				CLANG_WARN_SUSPICIOUS_MOVE = YES;
				CLANG_WARN_UNGUARDED_AVAILABILITY = YES_AGGRESSIVE;
				CLANG_WARN_UNREACHABLE_CODE = YES;
				CLANG_WARN__DUPLICATE_METHOD_MATCH = YES;
				COPY_PHASE_STRIP = NO;
				DEBUG_INFORMATION_FORMAT = dwarf;
				ENABLE_STRICT_OBJC_MSGSEND = YES;
				ENABLE_TESTABILITY = YES;
				ENABLE_USER_SCRIPT_SANDBOXING = YES;
				GCC_C_LANGUAGE_STANDARD = gnu17;
				GCC_DYNAMIC_NO_PIC = NO;
				GCC_NO_COMMON_BLOCKS = YES;
				GCC_OPTIMIZATION_LEVEL = 0;
				GCC_PREPROCESSOR_DEFINITIONS = (
					"DEBUG=1",
					"$(inherited)",
				);
				GCC_WARN_64_TO_32_BIT_CONVERSION = YES;
				GCC_WARN_ABOUT_RETURN_TYPE = YES_ERROR;
				GCC_WARN_UNDECLARED_SELECTOR = YES;
				GCC_WARN_UNINITIALIZED_AUTOS = YES_AGGRESSIVE;
				GCC_WARN_UNUSED_FUNCTION = YES;
				GCC_WARN_UNUSED_VARIABLE = YES;
				IPHONEOS_DEPLOYMENT_TARGET = 18.0;
				LOCALIZATION_PREFERS_STRING_CATALOGS = YES;
				MTL_ENABLE_DEBUG_INFO = INCLUDE_SOURCE;
				MTL_FAST_MATH = YES;
				ONLY_ACTIVE_ARCH = YES;
				SDKROOT = iphoneos;
				SWIFT_ACTIVE_COMPILATION_CONDITIONS = "DEBUG $(inherited)";
				SWIFT_OPTIMIZATION_LEVEL = "-Onone";
			};
			name = Debug;
		};
		B5DC6F882D4AE1A90022C33F /* Release */ = {
			isa = XCBuildConfiguration;
			buildSettings = {
				ALWAYS_SEARCH_USER_PATHS = NO;
				ASSETCATALOG_COMPILER_GENERATE_SWIFT_ASSET_SYMBOL_EXTENSIONS = YES;
				CLANG_ANALYZER_NONNULL = YES;
				CLANG_ANALYZER_NUMBER_OBJECT_CONVERSION = YES_AGGRESSIVE;
				CLANG_CXX_LANGUAGE_STANDARD = "gnu++20";
				CLANG_ENABLE_MODULES = YES;
				CLANG_ENABLE_OBJC_ARC = YES;
				CLANG_ENABLE_OBJC_WEAK = YES;
				CLANG_WARN_BLOCK_CAPTURE_AUTORELEASING = YES;
				CLANG_WARN_BOOL_CONVERSION = YES;
				CLANG_WARN_COMMA = YES;
				CLANG_WARN_CONSTANT_CONVERSION = YES;
				CLANG_WARN_DEPRECATED_OBJC_IMPLEMENTATIONS = YES;
				CLANG_WARN_DIRECT_OBJC_ISA_USAGE = YES_ERROR;
				CLANG_WARN_DOCUMENTATION_COMMENTS = YES;
				CLANG_WARN_EMPTY_BODY = YES;
				CLANG_WARN_ENUM_CONVERSION = YES;
				CLANG_WARN_INFINITE_RECURSION = YES;
				CLANG_WARN_INT_CONVERSION = YES;
				CLANG_WARN_NON_LITERAL_NULL_CONVERSION = YES;
				CLANG_WARN_OBJC_IMPLICIT_RETAIN_SELF = YES;
				CLANG_WARN_OBJC_LITERAL_CONVERSION = YES;
				CLANG_WARN_OBJC_ROOT_CLASS = YES_ERROR;
				CLANG_WARN_QUOTED_INCLUDE_IN_FRAMEWORK_HEADER = YES;
				CLANG_WARN_RANGE_LOOP_ANALYSIS = YES;
				CLANG_WARN_STRICT_PROTOTYPES = YES;
				CLANG_WARN_SUSPICIOUS_MOVE = YES;
				CLANG_WARN_UNGUARDED_AVAILABILITY = YES_AGGRESSIVE;
				CLANG_WARN_UNREACHABLE_CODE = YES;
				CLANG_WARN__DUPLICATE_METHOD_MATCH = YES;
				COPY_PHASE_STRIP = NO;
				DEBUG_INFORMATION_FORMAT = "dwarf-with-dsym";
				ENABLE_NS_ASSERTIONS = NO;
				ENABLE_STRICT_OBJC_MSGSEND = YES;
				ENABLE_USER_SCRIPT_SANDBOXING = YES;
				GCC_C_LANGUAGE_STANDARD = gnu17;
				GCC_NO_COMMON_BLOCKS = YES;
				GCC_WARN_64_TO_32_BIT_CONVERSION = YES;
				GCC_WARN_ABOUT_RETURN_TYPE = YES_ERROR;
				GCC_WARN_UNDECLARED_SELECTOR = YES;
				GCC_WARN_UNINITIALIZED_AUTOS = YES_AGGRESSIVE;
				GCC_WARN_UNUSED_FUNCTION = YES;
				GCC_WARN_UNUSED_VARIABLE = YES;
				IPHONEOS_DEPLOYMENT_TARGET = 18.0;
				LOCALIZATION_PREFERS_STRING_CATALOGS = YES;
				MTL_ENABLE_DEBUG_INFO = NO;
				MTL_FAST_MATH = YES;
				SDKROOT = iphoneos;
				SWIFT_COMPILATION_MODE = wholemodule;
				VALIDATE_PRODUCT = YES;
			};
			name = Release;
		};
		B5DC6F8A2D4AE1A90022C33F /* Debug */ = {
			isa = XCBuildConfiguration;
			buildSettings = {
				ASSETCATALOG_COMPILER_APPICON_NAME = AppIcon;
				ASSETCATALOG_COMPILER_GLOBAL_ACCENT_COLOR_NAME = AccentColor;
				CODE_SIGN_STYLE = Automatic;
				CURRENT_PROJECT_VERSION = 1;
				DEVELOPMENT_ASSET_PATHS = "\"DiNT/Preview Content\"";
				DEVELOPMENT_TEAM = 43D42493HD;
				ENABLE_PREVIEWS = YES;
				GENERATE_INFOPLIST_FILE = YES;
				INFOPLIST_KEY_UIApplicationSceneManifest_Generation = YES;
				INFOPLIST_KEY_UIApplicationSupportsIndirectInputEvents = YES;
				INFOPLIST_KEY_UILaunchScreen_Generation = YES;
				INFOPLIST_KEY_UISupportedInterfaceOrientations_iPad = "UIInterfaceOrientationPortrait UIInterfaceOrientationPortraitUpsideDown UIInterfaceOrientationLandscapeLeft UIInterfaceOrientationLandscapeRight";
				INFOPLIST_KEY_UISupportedInterfaceOrientations_iPhone = "UIInterfaceOrientationPortrait UIInterfaceOrientationLandscapeLeft UIInterfaceOrientationLandscapeRight";
				INFOPLIST_KEY_UIUserInterfaceStyle = Light;
				LD_RUNPATH_SEARCH_PATHS = (
					"$(inherited)",
					"@executable_path/Frameworks",
				);
				MARKETING_VERSION = 1.0;
				PRODUCT_BUNDLE_IDENTIFIER = com.sinomabhena.DiNT;
				PRODUCT_NAME = "$(TARGET_NAME)";
				SWIFT_EMIT_LOC_STRINGS = YES;
				SWIFT_VERSION = 5.0;
				TARGETED_DEVICE_FAMILY = "1,2";
			};
			name = Debug;
		};
		B5DC6F8B2D4AE1A90022C33F /* Release */ = {
			isa = XCBuildConfiguration;
			buildSettings = {
				ASSETCATALOG_COMPILER_APPICON_NAME = AppIcon;
				ASSETCATALOG_COMPILER_GLOBAL_ACCENT_COLOR_NAME = AccentColor;
				CODE_SIGN_STYLE = Automatic;
				CURRENT_PROJECT_VERSION = 1;
				DEVELOPMENT_ASSET_PATHS = "\"DiNT/Preview Content\"";
				DEVELOPMENT_TEAM = 43D42493HD;
				ENABLE_PREVIEWS = YES;
				GENERATE_INFOPLIST_FILE = YES;
				INFOPLIST_KEY_UIApplicationSceneManifest_Generation = YES;
				INFOPLIST_KEY_UIApplicationSupportsIndirectInputEvents = YES;
				INFOPLIST_KEY_UILaunchScreen_Generation = YES;
				INFOPLIST_KEY_UISupportedInterfaceOrientations_iPad = "UIInterfaceOrientationPortrait UIInterfaceOrientationPortraitUpsideDown UIInterfaceOrientationLandscapeLeft UIInterfaceOrientationLandscapeRight";
				INFOPLIST_KEY_UISupportedInterfaceOrientations_iPhone = "UIInterfaceOrientationPortrait UIInterfaceOrientationLandscapeLeft UIInterfaceOrientationLandscapeRight";
				INFOPLIST_KEY_UIUserInterfaceStyle = Light;
				LD_RUNPATH_SEARCH_PATHS = (
					"$(inherited)",
					"@executable_path/Frameworks",
				);
				MARKETING_VERSION = 1.0;
				PRODUCT_BUNDLE_IDENTIFIER = com.sinomabhena.DiNT;
				PRODUCT_NAME = "$(TARGET_NAME)";
				SWIFT_EMIT_LOC_STRINGS = YES;
				SWIFT_VERSION = 5.0;
				TARGETED_DEVICE_FAMILY = "1,2";
			};
			name = Release;
		};
		B5DC6F8D2D4AE1A90022C33F /* Debug */ = {
			isa = XCBuildConfiguration;
			buildSettings = {
				BUNDLE_LOADER = "$(TEST_HOST)";
				CODE_SIGN_STYLE = Automatic;
				CURRENT_PROJECT_VERSION = 1;
				DEVELOPMENT_TEAM = 43D42493HD;
				GENERATE_INFOPLIST_FILE = YES;
				IPHONEOS_DEPLOYMENT_TARGET = 18.0;
				MARKETING_VERSION = 1.0;
				PRODUCT_BUNDLE_IDENTIFIER = com.sinomabhena.DiNTTests;
				PRODUCT_NAME = "$(TARGET_NAME)";
				SWIFT_EMIT_LOC_STRINGS = NO;
				SWIFT_VERSION = 5.0;
				TARGETED_DEVICE_FAMILY = "1,2";
				TEST_HOST = "$(BUILT_PRODUCTS_DIR)/DiNT.app/$(BUNDLE_EXECUTABLE_FOLDER_PATH)/DiNT";
			};
			name = Debug;
		};
		B5DC6F8E2D4AE1A90022C33F /* Release */ = {
			isa = XCBuildConfiguration;
			buildSettings = {
				BUNDLE_LOADER = "$(TEST_HOST)";
				CODE_SIGN_STYLE = Automatic;
				CURRENT_PROJECT_VERSION = 1;
				DEVELOPMENT_TEAM = 43D42493HD;
				GENERATE_INFOPLIST_FILE = YES;
				IPHONEOS_DEPLOYMENT_TARGET = 18.0;
				MARKETING_VERSION = 1.0;
				PRODUCT_BUNDLE_IDENTIFIER = com.sinomabhena.DiNTTests;
				PRODUCT_NAME = "$(TARGET_NAME)";
				SWIFT_EMIT_LOC_STRINGS = NO;
				SWIFT_VERSION = 5.0;
				TARGETED_DEVICE_FAMILY = "1,2";
				TEST_HOST = "$(BUILT_PRODUCTS_DIR)/DiNT.app/$(BUNDLE_EXECUTABLE_FOLDER_PATH)/DiNT";
			};
			name = Release;
		};
		B5DC6F902D4AE1A90022C33F /* Debug */ = {
			isa = XCBuildConfiguration;
			buildSettings = {
				CODE_SIGN_STYLE = Automatic;
				CURRENT_PROJECT_VERSION = 1;
				DEVELOPMENT_TEAM = 43D42493HD;
				GENERATE_INFOPLIST_FILE = YES;
				MARKETING_VERSION = 1.0;
				PRODUCT_BUNDLE_IDENTIFIER = com.sinomabhena.DiNTUITests;
				PRODUCT_NAME = "$(TARGET_NAME)";
				SWIFT_EMIT_LOC_STRINGS = NO;
				SWIFT_VERSION = 5.0;
				TARGETED_DEVICE_FAMILY = "1,2";
				TEST_TARGET_NAME = DiNT;
			};
			name = Debug;
		};
		B5DC6F912D4AE1A90022C33F /* Release */ = {
			isa = XCBuildConfiguration;
			buildSettings = {
				CODE_SIGN_STYLE = Automatic;
				CURRENT_PROJECT_VERSION = 1;
				DEVELOPMENT_TEAM = 43D42493HD;
				GENERATE_INFOPLIST_FILE = YES;
				MARKETING_VERSION = 1.0;
				PRODUCT_BUNDLE_IDENTIFIER = com.sinomabhena.DiNTUITests;
				PRODUCT_NAME = "$(TARGET_NAME)";
				SWIFT_EMIT_LOC_STRINGS = NO;
				SWIFT_VERSION = 5.0;
				TARGETED_DEVICE_FAMILY = "1,2";
				TEST_TARGET_NAME = DiNT;
			};
			name = Release;
		};
/* End XCBuildConfiguration section */

/* Begin XCConfigurationList section */
		B5DC6F5B2D4AE1A50022C33F /* Build configuration list for PBXProject "DiNT" */ = {
			isa = XCConfigurationList;
			buildConfigurations = (
				B5DC6F872D4AE1A90022C33F /* Debug */,
				B5DC6F882D4AE1A90022C33F /* Release */,
			);
			defaultConfigurationIsVisible = 0;
			defaultConfigurationName = Release;
		};
		B5DC6F892D4AE1A90022C33F /* Build configuration list for PBXNativeTarget "DiNT" */ = {
			isa = XCConfigurationList;
			buildConfigurations = (
				B5DC6F8A2D4AE1A90022C33F /* Debug */,
				B5DC6F8B2D4AE1A90022C33F /* Release */,
			);
			defaultConfigurationIsVisible = 0;
			defaultConfigurationName = Release;
		};
		B5DC6F8C2D4AE1A90022C33F /* Build configuration list for PBXNativeTarget "DiNTTests" */ = {
			isa = XCConfigurationList;
			buildConfigurations = (
				B5DC6F8D2D4AE1A90022C33F /* Debug */,
				B5DC6F8E2D4AE1A90022C33F /* Release */,
			);
			defaultConfigurationIsVisible = 0;
			defaultConfigurationName = Release;
		};
		B5DC6F8F2D4AE1A90022C33F /* Build configuration list for PBXNativeTarget "DiNTUITests" */ = {
			isa = XCConfigurationList;
			buildConfigurations = (
				B5DC6F902D4AE1A90022C33F /* Debug */,
				B5DC6F912D4AE1A90022C33F /* Release */,
			);
			defaultConfigurationIsVisible = 0;
			defaultConfigurationName = Release;
		};
/* End XCConfigurationList section */
	};
	rootObject = B5DC6F582D4AE1A50022C33F /* Project object */;
}
